{
  "version": 4,
  "terraform_version": "1.5.7",
  "serial": 36,
  "lineage": "64e206a2-3628-6939-fed4-d573ea5b725d",
  "outputs": {
    "cloud_sql_connection_name": {
      "value": "multi-tenant-414510:us-west1:postgres-public-ip",
      "type": "string"
    },
    "cloud_sql_ip_address": {
      "value": "34.145.25.147",
      "type": "string"
    }
  },
  "resources": [
    {
      "mode": "managed",
      "type": "google_compute_network",
      "name": "my_vpc",
      "provider": "provider[\"registry.terraform.io/hashicorp/google\"]",
      "instances": [
        {
          "schema_version": 0,
          "attributes": {
            "auto_create_subnetworks": true,
            "delete_default_routes_on_create": false,
            "description": "",
            "gateway_ipv4": "",
            "id": "projects/multi-tenant-414510/global/networks/sandbox",
            "mtu": 0,
            "name": "sandbox",
            "project": "multi-tenant-414510",
            "routing_mode": "REGIONAL",
            "self_link": "https://www.googleapis.com/compute/v1/projects/multi-tenant-414510/global/networks/sandbox",
            "timeouts": null
          },
          "sensitive_attributes": [],
          "private": "eyJlMmJmYjczMC1lY2FhLTExZTYtOGY4OC0zNDM2M2JjN2M0YzAiOnsiY3JlYXRlIjoyNDAwMDAwMDAwMDAsImRlbGV0ZSI6MjQwMDAwMDAwMDAwLCJ1cGRhdGUiOjI0MDAwMDAwMDAwMH19"
        }
      ]
    },
    {
      "mode": "managed",
      "type": "google_compute_subnetwork",
      "name": "my_subnet",
      "provider": "provider[\"registry.terraform.io/hashicorp/google\"]",
      "instances": [
        {
          "schema_version": 0,
          "attributes": {
            "creation_timestamp": "2024-02-25T14:09:02.383-08:00",
            "description": "",
            "external_ipv6_prefix": "",
            "fingerprint": null,
            "gateway_address": "10.0.1.1",
            "id": "projects/multi-tenant-414510/regions/us-west1/subnetworks/mypublicsubnet",
            "ip_cidr_range": "10.0.1.0/24",
            "ipv6_access_type": "",
            "ipv6_cidr_range": "",
            "log_config": [],
            "name": "mypublicsubnet",
            "network": "https://www.googleapis.com/compute/v1/projects/multi-tenant-414510/global/networks/sandbox",
            "private_ip_google_access": false,
            "private_ipv6_google_access": "DISABLE_GOOGLE_ACCESS",
            "project": "multi-tenant-414510",
            "purpose": "PRIVATE",
            "region": "us-west1",
            "role": "",
            "secondary_ip_range": [],
            "self_link": "https://www.googleapis.com/compute/v1/projects/multi-tenant-414510/regions/us-west1/subnetworks/mypublicsubnet",
            "stack_type": "IPV4_ONLY",
            "timeouts": null
          },
          "sensitive_attributes": [],
          "private": "eyJlMmJmYjczMC1lY2FhLTExZTYtOGY4OC0zNDM2M2JjN2M0YzAiOnsiY3JlYXRlIjozNjAwMDAwMDAwMDAsImRlbGV0ZSI6MzYwMDAwMDAwMDAwLCJ1cGRhdGUiOjM2MDAwMDAwMDAwMH19",
          "dependencies": [
            "google_compute_network.my_vpc"
          ]
        }
      ]
    },
    {
      "mode": "managed",
      "type": "google_sql_database_instance",
      "name": "postgres_public_ip_instance_name",
      "provider": "provider[\"registry.terraform.io/hashicorp/google\"]",
      "instances": [
        {
          "schema_version": 0,
          "attributes": {
            "clone": [],
            "connection_name": "multi-tenant-414510:us-west1:postgres-public-ip",
            "database_version": "POSTGRES_15",
            "deletion_protection": false,
            "first_ip_address": "34.145.25.147",
            "id": "postgres-public-ip",
            "ip_address": [
              {
                "ip_address": "34.145.25.147",
                "time_to_retire": "",
                "type": "PRIMARY"
              },
              {
                "ip_address": "34.127.41.114",
                "time_to_retire": "",
                "type": "OUTGOING"
              }
            ],
            "master_instance_name": "",
            "name": "postgres-public-ip",
            "private_ip_address": "",
            "project": "multi-tenant-414510",
            "public_ip_address": "34.145.25.147",
            "region": "us-west1",
            "replica_configuration": [],
            "restore_backup_context": [],
            "root_password": null,
            "self_link": "https://sqladmin.googleapis.com/sql/v1beta4/projects/multi-tenant-414510/instances/postgres-public-ip",
            "server_ca_cert": [
              {
                "cert": "-----BEGIN CERTIFICATE-----\nMIIDfzCCAmegAwIBAgIBADANBgkqhkiG9w0BAQsFADB3MS0wKwYDVQQuEyQ2MGVh\nYzcwZS00M2IyLTRkZTQtODU4Ni04ZjI3YjVlMWJkZmExIzAhBgNVBAMTGkdvb2ds\nZSBDbG91ZCBTUUwgU2VydmVyIENBMRQwEgYDVQQKEwtHb29nbGUsIEluYzELMAkG\nA1UEBhMCVVMwHhcNMjQwMjI1MjIxMDM4WhcNMzQwMjIyMjIxMTM4WjB3MS0wKwYD\nVQQuEyQ2MGVhYzcwZS00M2IyLTRkZTQtODU4Ni04ZjI3YjVlMWJkZmExIzAhBgNV\nBAMTGkdvb2dsZSBDbG91ZCBTUUwgU2VydmVyIENBMRQwEgYDVQQKEwtHb29nbGUs\nIEluYzELMAkGA1UEBhMCVVMwggEiMA0GCSqGSIb3DQEBAQUAA4IBDwAwggEKAoIB\nAQC6AJCkmZSdtyu9IFGsGz/HBxVCWD1WVOelKRlGiewGUbpRdtYwqDWzfdX60Lo2\nCXgxOuM+btbTg9AuCyGhagqzaam7SEKWJK7vo7fo5exSEjH8TQj+csLa/ZMHf5Ed\nNOtM0pdj3XMJPo3NoQynWIN+2QRGADxBxoc6gdNnTbprPc/KKMhb5HPw1dUqZPzW\nsluWpGj0cAMzWDRBp1yQ9Z7t0r0Puak0wygZPaP45TLIZtMrSp8zGZVPzkNrDBtX\nTbFHWFZxkVC4tye8+6CawTDDjk1fc4ZRtxjiu9YTJT79/PIA/VbarlC+E9d5tzyN\niP9HrKuKroQ+epcOwdq/cwlDAgMBAAGjFjAUMBIGA1UdEwEB/wQIMAYBAf8CAQAw\nDQYJKoZIhvcNAQELBQADggEBAKtYscdBsZ0FKUldTVoUb2R7EtqFUSGwhk/Ilf/h\nQe9+sY45fvRcPYXGupZlCtCxDqGE/XfWyG2i0x5kvhQKfDiHlfDfy8cueYXg+ZLx\nig+/Ux9dtTmnseDys0DMt3KMapRaR4CzEb+kF8cU3ZgUN1G2QSVCyp3gkc6NvT61\nkPINFiHbh1fRvxufbrSixpiAYZBr/dFbDguyOBqc2/vuVuNim0e8wbBfDoUDv87O\nSYgA7dzKS7vMU/Xk2Jixz049tsiwcpfvWHKXnKklWTFy/Owfq8YvqCy1HTwq8t/Y\nvLd2N36AFy5eHRZrHtsMn8uZprq0K5iUp0LJlrwePYH7TRM=\n-----END CERTIFICATE-----",
                "common_name": "C=US,O=Google\\, Inc,CN=Google Cloud SQL Server CA,dnQualifier=60eac70e-43b2-4de4-8586-8f27b5e1bdfa",
                "create_time": "2024-02-25T22:10:38.530Z",
                "expiration_time": "2034-02-22T22:11:38.530Z",
                "sha1_fingerprint": "a9e5969d9e846e928b47c18c612cf906a86548aa"
              }
            ],
            "service_account_email_address": "p267242228702-yt7hkl@gcp-sa-cloud-sql.iam.gserviceaccount.com",
            "settings": [
              {
                "activation_policy": "ALWAYS",
                "authorized_gae_applications": [],
                "availability_type": "ZONAL",
                "backup_configuration": [
                  {
                    "backup_retention_settings": [
                      {
                        "retained_backups": 7,
                        "retention_unit": "COUNT"
                      }
                    ],
                    "binary_log_enabled": false,
                    "enabled": false,
                    "location": "",
                    "point_in_time_recovery_enabled": false,
                    "start_time": "02:00",
                    "transaction_log_retention_days": 7
                  }
                ],
                "collation": "",
                "crash_safe_replication": false,
                "database_flags": [],
                "disk_autoresize": true,
                "disk_autoresize_limit": 0,
                "disk_size": 10,
                "disk_type": "PD_SSD",
                "insights_config": [],
                "ip_configuration": [
                  {
                    "authorized_networks": [
                      {
                        "expiration_time": "",
                        "name": "mypublic_ip",
                        "value": "0.0.0.0/0"
                      }
                    ],
                    "ipv4_enabled": true,
                    "private_network": "",
                    "require_ssl": false
                  }
                ],
                "location_preference": [
                  {
                    "follow_gae_application": "",
                    "zone": "us-west1-c"
                  }
                ],
                "maintenance_window": [],
                "pricing_plan": "PER_USE",
                "replication_type": "SYNCHRONOUS",
                "tier": "db-custom-2-7680",
                "user_labels": {},
                "version": 1
              }
            ],
            "timeouts": null
          },
          "sensitive_attributes": [],
          "private": "eyJlMmJmYjczMC1lY2FhLTExZTYtOGY4OC0zNDM2M2JjN2M0YzAiOnsiY3JlYXRlIjoxODAwMDAwMDAwMDAwLCJkZWxldGUiOjE4MDAwMDAwMDAwMDAsInVwZGF0ZSI6MTgwMDAwMDAwMDAwMH19"
        }
      ]
    },
    {
      "mode": "managed",
      "type": "google_sql_user",
      "name": "my_db_user",
      "provider": "provider[\"registry.terraform.io/hashicorp/google\"]",
      "instances": [
        {
          "schema_version": 1,
          "attributes": {
            "deletion_policy": null,
            "host": "",
            "id": "postgres//postgres-public-ip",
            "instance": "postgres-public-ip",
            "name": "postgres",
            "password": "letgetiton",
            "project": "multi-tenant-414510",
            "timeouts": null,
            "type": ""
          },
          "sensitive_attributes": [],
          "private": "eyJlMmJmYjczMC1lY2FhLTExZTYtOGY4OC0zNDM2M2JjN2M0YzAiOnsiY3JlYXRlIjo2MDAwMDAwMDAwMDAsImRlbGV0ZSI6NjAwMDAwMDAwMDAwLCJ1cGRhdGUiOjYwMDAwMDAwMDAwMH0sInNjaGVtYV92ZXJzaW9uIjoiMSJ9",
          "dependencies": [
            "google_sql_database_instance.postgres_public_ip_instance_name"
          ]
        }
      ]
    }
  ],
  "check_results": null
}
