{
  "version": 4,
  "terraform_version": "1.5.7",
  "serial": 19,
  "lineage": "64e206a2-3628-6939-fed4-d573ea5b725d",
  "outputs": {
    "cloud_sql_connection_name": {
      "value": "multi-tenant-414510:us-central1:postgres-public-ip",
      "type": "string"
    },
    "cloud_sql_ip_address": {
      "value": "34.28.135.214",
      "type": "string"
    }
  },
  "resources": [
    {
      "mode": "managed",
      "type": "google_compute_network",
      "name": "my_vpc",
      "provider": "provider[\"registry.terraform.io/hashicorp/google\"]",
      "instances": [
        {
          "schema_version": 0,
          "attributes": {
            "auto_create_subnetworks": true,
            "delete_default_routes_on_create": false,
            "description": "",
            "gateway_ipv4": "",
            "id": "projects/multi-tenant-414510/global/networks/sandbox",
            "mtu": 0,
            "name": "sandbox",
            "project": "multi-tenant-414510",
            "routing_mode": "REGIONAL",
            "self_link": "https://www.googleapis.com/compute/v1/projects/multi-tenant-414510/global/networks/sandbox",
            "timeouts": null
          },
          "sensitive_attributes": [],
          "private": "eyJlMmJmYjczMC1lY2FhLTExZTYtOGY4OC0zNDM2M2JjN2M0YzAiOnsiY3JlYXRlIjoyNDAwMDAwMDAwMDAsImRlbGV0ZSI6MjQwMDAwMDAwMDAwLCJ1cGRhdGUiOjI0MDAwMDAwMDAwMH19"
        }
      ]
    },
    {
      "mode": "managed",
      "type": "google_compute_subnetwork",
      "name": "my_subnet",
      "provider": "provider[\"registry.terraform.io/hashicorp/google\"]",
      "instances": [
        {
          "schema_version": 0,
          "attributes": {
            "creation_timestamp": "2024-02-25T12:38:24.642-08:00",
            "description": "",
            "external_ipv6_prefix": "",
            "fingerprint": null,
            "gateway_address": "10.0.1.1",
            "id": "projects/multi-tenant-414510/regions/us-central1/subnetworks/mypublicsubnet",
            "ip_cidr_range": "10.0.1.0/24",
            "ipv6_access_type": "",
            "ipv6_cidr_range": "",
            "log_config": [],
            "name": "mypublicsubnet",
            "network": "https://www.googleapis.com/compute/v1/projects/multi-tenant-414510/global/networks/sandbox",
            "private_ip_google_access": false,
            "private_ipv6_google_access": "DISABLE_GOOGLE_ACCESS",
            "project": "multi-tenant-414510",
            "purpose": "PRIVATE",
            "region": "us-central1",
            "role": "",
            "secondary_ip_range": [],
            "self_link": "https://www.googleapis.com/compute/v1/projects/multi-tenant-414510/regions/us-central1/subnetworks/mypublicsubnet",
            "stack_type": "IPV4_ONLY",
            "timeouts": null
          },
          "sensitive_attributes": [],
          "private": "eyJlMmJmYjczMC1lY2FhLTExZTYtOGY4OC0zNDM2M2JjN2M0YzAiOnsiY3JlYXRlIjozNjAwMDAwMDAwMDAsImRlbGV0ZSI6MzYwMDAwMDAwMDAwLCJ1cGRhdGUiOjM2MDAwMDAwMDAwMH19",
          "dependencies": [
            "google_compute_network.my_vpc"
          ]
        }
      ]
    },
    {
      "mode": "managed",
      "type": "google_sql_database_instance",
      "name": "postgres_public_ip_instance_name",
      "provider": "provider[\"registry.terraform.io/hashicorp/google\"]",
      "instances": [
        {
          "schema_version": 0,
          "attributes": {
            "clone": [],
            "connection_name": "multi-tenant-414510:us-central1:postgres-public-ip",
            "database_version": "POSTGRES_15",
            "deletion_protection": false,
            "first_ip_address": "34.28.135.214",
            "id": "postgres-public-ip",
            "ip_address": [
              {
                "ip_address": "34.28.135.214",
                "time_to_retire": "",
                "type": "PRIMARY"
              },
              {
                "ip_address": "35.184.156.171",
                "time_to_retire": "",
                "type": "OUTGOING"
              }
            ],
            "master_instance_name": "",
            "name": "postgres-public-ip",
            "private_ip_address": "",
            "project": "multi-tenant-414510",
            "public_ip_address": "34.28.135.214",
            "region": "us-central1",
            "replica_configuration": [],
            "restore_backup_context": [],
            "root_password": null,
            "self_link": "https://sqladmin.googleapis.com/sql/v1beta4/projects/multi-tenant-414510/instances/postgres-public-ip",
            "server_ca_cert": [
              {
                "cert": "-----BEGIN CERTIFICATE-----\nMIIDfzCCAmegAwIBAgIBADANBgkqhkiG9w0BAQsFADB3MS0wKwYDVQQuEyQ3Yjk2\nMzI3OS01NzgxLTRlMTAtYTZlZi0zYjJhMjlkZWFjYTQxIzAhBgNVBAMTGkdvb2ds\nZSBDbG91ZCBTUUwgU2VydmVyIENBMRQwEgYDVQQKEwtHb29nbGUsIEluYzELMAkG\nA1UEBhMCVVMwHhcNMjQwMjI1MjAzNDM0WhcNMzQwMjIyMjAzNTM0WjB3MS0wKwYD\nVQQuEyQ3Yjk2MzI3OS01NzgxLTRlMTAtYTZlZi0zYjJhMjlkZWFjYTQxIzAhBgNV\nBAMTGkdvb2dsZSBDbG91ZCBTUUwgU2VydmVyIENBMRQwEgYDVQQKEwtHb29nbGUs\nIEluYzELMAkGA1UEBhMCVVMwggEiMA0GCSqGSIb3DQEBAQUAA4IBDwAwggEKAoIB\nAQCmh3kI3onCyFo9AdpA27ySXAyesDevlC+Lewub7VQamZLKRWz68cKAMVqxiTtO\nDezrQsYL577B4LrsW/5YlsNiRA3TQCIS7rSe5ILpDoTAaRJJw1chjCdVWWjGRNK5\nEK7Q5M45tLkfGYJHnDWolpaUdC3hsyZOKY1g3ioaGfJRaUUnLQLPsxYLQUqKuXBW\nRIAJMOnqOmYSgRk8RyNVmwljyjCtHwS8zX9dxVSAFZE9WTs/VcrghonTrHv9EuFm\nnFmR0BNQgUyNxGgK7twSUAgJxjUuty6yNoS/QnbwVhtVzE/sJigVCOmk1PqguB2a\nd4cPy/0OOtlh2RHDmVAAtPGhAgMBAAGjFjAUMBIGA1UdEwEB/wQIMAYBAf8CAQAw\nDQYJKoZIhvcNAQELBQADggEBAAqSP4ZtfUHM+Y4I59vpplE/knOcM99LcSeJDy2U\nWkmdRoUcLFiE/6BVP0Cs3CMk0nweevMh/eXOxI6/rBu69lkvkAiU2dlle+sWgq11\nRTAXi6woQhheHSlDClwBn4+AWWgS7Udnd/MSxharBqQ9VboYgPauF2TSOtza/bax\nRgtOB+fhbmiB/7iGVtZEmF6+2F6uw/oTTqmKmoOp1WQpa1TzEIowAHnBhUE84Em7\nMJzDPuCc8GJrSXZ+1y2IGLeEodJtwvPri1HeDndJrC+UX8C7F8hWtBUb6c5SZbVv\njQRrRd1YH/DB4vQGURe06sn4jU2BGt5kf+7i7MBPQazEtpo=\n-----END CERTIFICATE-----",
                "common_name": "C=US,O=Google\\, Inc,CN=Google Cloud SQL Server CA,dnQualifier=7b963279-5781-4e10-a6ef-3b2a29deaca4",
                "create_time": "2024-02-25T20:34:34.544Z",
                "expiration_time": "2034-02-22T20:35:34.544Z",
                "sha1_fingerprint": "635aca2f41d92df01089af94f55354ba22188a01"
              }
            ],
            "service_account_email_address": "p267242228702-zayjng@gcp-sa-cloud-sql.iam.gserviceaccount.com",
            "settings": [
              {
                "activation_policy": "ALWAYS",
                "authorized_gae_applications": [],
                "availability_type": "ZONAL",
                "backup_configuration": [
                  {
                    "backup_retention_settings": [
                      {
                        "retained_backups": 7,
                        "retention_unit": "COUNT"
                      }
                    ],
                    "binary_log_enabled": false,
                    "enabled": false,
                    "location": "",
                    "point_in_time_recovery_enabled": false,
                    "start_time": "20:00",
                    "transaction_log_retention_days": 7
                  }
                ],
                "collation": "",
                "crash_safe_replication": false,
                "database_flags": [],
                "disk_autoresize": true,
                "disk_autoresize_limit": 0,
                "disk_size": 10,
                "disk_type": "PD_SSD",
                "insights_config": [],
                "ip_configuration": [
                  {
                    "authorized_networks": [
                      {
                        "expiration_time": "",
                        "name": "mypublic_ip",
                        "value": "76.183.21.156/32"
                      }
                    ],
                    "ipv4_enabled": true,
                    "private_network": "",
                    "require_ssl": false
                  }
                ],
                "location_preference": [
                  {
                    "follow_gae_application": "",
                    "zone": "us-central1-b"
                  }
                ],
                "maintenance_window": [],
                "pricing_plan": "PER_USE",
                "replication_type": "SYNCHRONOUS",
                "tier": "db-custom-2-7680",
                "user_labels": {},
                "version": 1
              }
            ],
            "timeouts": null
          },
          "sensitive_attributes": [],
          "private": "eyJlMmJmYjczMC1lY2FhLTExZTYtOGY4OC0zNDM2M2JjN2M0YzAiOnsiY3JlYXRlIjoxODAwMDAwMDAwMDAwLCJkZWxldGUiOjE4MDAwMDAwMDAwMDAsInVwZGF0ZSI6MTgwMDAwMDAwMDAwMH19"
        }
      ]
    },
    {
      "mode": "managed",
      "type": "google_sql_user",
      "name": "my_db_user",
      "provider": "provider[\"registry.terraform.io/hashicorp/google\"]",
      "instances": [
        {
          "schema_version": 1,
          "attributes": {
            "deletion_policy": null,
            "host": "",
            "id": "postgres//postgres-public-ip",
            "instance": "postgres-public-ip",
            "name": "postgres",
            "password": "letgetiton",
            "project": "multi-tenant-414510",
            "timeouts": null,
            "type": ""
          },
          "sensitive_attributes": [],
          "private": "eyJlMmJmYjczMC1lY2FhLTExZTYtOGY4OC0zNDM2M2JjN2M0YzAiOnsiY3JlYXRlIjo2MDAwMDAwMDAwMDAsImRlbGV0ZSI6NjAwMDAwMDAwMDAwLCJ1cGRhdGUiOjYwMDAwMDAwMDAwMH0sInNjaGVtYV92ZXJzaW9uIjoiMSJ9",
          "dependencies": [
            "google_sql_database_instance.postgres_public_ip_instance_name"
          ]
        }
      ]
    }
  ],
  "check_results": null
}
