{
  "version": 4,
  "terraform_version": "1.5.7",
  "serial": 79,
  "lineage": "64e206a2-3628-6939-fed4-d573ea5b725d",
  "outputs": {},
  "resources": [
    {
      "mode": "managed",
      "type": "google_container_cluster",
      "name": "primary",
      "provider": "provider[\"registry.terraform.io/hashicorp/google\"]",
      "instances": [
        {
          "schema_version": 2,
          "attributes": {
            "addons_config": [
              {
                "cloudrun_config": [],
                "config_connector_config": [],
                "dns_cache_config": [],
                "gce_persistent_disk_csi_driver_config": [
                  {
                    "enabled": true
                  }
                ],
                "gcp_filestore_csi_driver_config": [],
                "gcs_fuse_csi_driver_config": [],
                "gke_backup_agent_config": [],
                "horizontal_pod_autoscaling": [],
                "http_load_balancing": [],
                "network_policy_config": [
                  {
                    "disabled": true
                  }
                ]
              }
            ],
            "allow_net_admin": null,
            "authenticator_groups_config": [],
            "binary_authorization": [
              {
                "enabled": false,
                "evaluation_mode": ""
              }
            ],
            "cluster_autoscaling": [
              {
                "auto_provisioning_defaults": [],
                "autoscaling_profile": "BALANCED",
                "enabled": false,
                "resource_limits": []
              }
            ],
            "cluster_ipv4_cidr": "10.60.0.0/14",
            "confidential_nodes": [],
            "cost_management_config": [],
            "database_encryption": [
              {
                "key_name": "",
                "state": "DECRYPTED"
              }
            ],
            "datapath_provider": "",
            "default_max_pods_per_node": 110,
            "default_snat_status": [
              {
                "disabled": false
              }
            ],
            "deletion_protection": true,
            "description": "",
            "dns_config": [],
            "enable_autopilot": false,
            "enable_intranode_visibility": false,
            "enable_k8s_beta_apis": [],
            "enable_kubernetes_alpha": false,
            "enable_l4_ilb_subsetting": false,
            "enable_legacy_abac": false,
            "enable_shielded_nodes": true,
            "enable_tpu": false,
            "endpoint": "35.233.213.133",
            "fleet": [],
            "gateway_api_config": [],
            "id": "projects/multi-tenant-414510/locations/us-west1/clusters/app-factory",
            "identity_service_config": [],
            "initial_node_count": 1,
            "ip_allocation_policy": [
              {
                "additional_pod_ranges_config": [],
                "cluster_ipv4_cidr_block": "10.60.0.0/14",
                "cluster_secondary_range_name": "gke-app-factory-pods-ca70d043",
                "pod_cidr_overprovision_config": [
                  {
                    "disabled": false
                  }
                ],
                "services_ipv4_cidr_block": "10.64.0.0/20",
                "services_secondary_range_name": "gke-app-factory-services-ca70d043",
                "stack_type": "IPV4"
              }
            ],
            "label_fingerprint": "a9dc16a7",
            "location": "us-west1",
            "logging_config": [
              {
                "enable_components": [
                  "SYSTEM_COMPONENTS",
                  "WORKLOADS"
                ]
              }
            ],
            "logging_service": "logging.googleapis.com/kubernetes",
            "maintenance_policy": [],
            "master_auth": [
              {
                "client_certificate": "",
                "client_certificate_config": [
                  {
                    "issue_client_certificate": false
                  }
                ],
                "client_key": "",
                "cluster_ca_certificate": "LS0tLS1CRUdJTiBDRVJUSUZJQ0FURS0tLS0tCk1JSUVMRENDQXBTZ0F3SUJBZ0lRVnpKRFRIdmdySExrc2xGaWw5ekhMREFOQmdrcWhraUc5dzBCQVFzRkFEQXYKTVMwd0t3WURWUVFERXlSbU9EaGtZVEExTVMxbE1HVmpMVFE0WmpJdFlUUTNaaTA1WVRnMFptTmxZVE0wWXpZdwpJQmNOTWpRd01qSTNNVFV5T1RFMFdoZ1BNakExTkRBeU1Ua3hOakk1TVRSYU1DOHhMVEFyQmdOVkJBTVRKR1k0Ck9HUmhNRFV4TFdVd1pXTXRORGhtTWkxaE5EZG1MVGxoT0RSbVkyVmhNelJqTmpDQ0FhSXdEUVlKS29aSWh2Y04KQVFFQkJRQURnZ0dQQURDQ0FZb0NnZ0dCQUtITUV2SDcrZ0hPcDFNVGpFTFU5TDNhNFhtZGM1U2tJa1o2MVowVApibTd1V0c0czNUTzFrcUZ1Y2E2THlXeFI3QVBUbmNhSktPSmpiQUdxNzFOcURTOEwzcThjbHhjUjRZbkl3VG1OClRWdTV4UnFhSENncVFkR1k5NnhLZUxHTkJweGxXVStzYlJYZS9Jb2JkU0pGeGNSL0IxRVZ5MFFXSnAvcWdmajUKWWR2QnRvanB0anZmY21GOHBoMmcrdC9hTjdJVUF2cHQ5aU05MTNlTXVSNWRiQ1RLWCtyWlgwMDByV1gyWHF2Zgp1L1lBdm11VHdoelhqWTFEd0lDN3c2RGtXOTR0K3N1dmZXZ1ZlNEIrZmVoek16d2dvRkNrSmczMkErNE1LcmRtCjV0YVU3bXJrWE9BR3dxb2c0dkcwbVN2WDJDamVLTk0zN0Q4R3YxYmw5bVdFdnFjUUM3elAvOUtjakpmbzJhQjgKeTFsdHVEZDJYYWY1RGt4QXkyVnFzemtxNFYvTFo0YlBMOWcwbFU2amlVaWhZUTc5L1hUeExCQzYrMkFCZHY5VAo0ZGJjUFdTVG1nV1IvNXcyMGZRQzRKMjNIc1pmemZsSGRES0RzbXo0MXJ1clFMSVY3TFRzM3pJUXhRNStZMThLCjZhSGw1ckQ0UkJqQVJUS2p6MkxpVFMya0l3SURBUUFCbzBJd1FEQU9CZ05WSFE4QkFmOEVCQU1DQWdRd0R3WUQKVlIwVEFRSC9CQVV3QXdFQi96QWRCZ05WSFE0RUZnUVVNT00wd1dUWVhvektmR1k5WHlNS1BMdEpEcFF3RFFZSgpLb1pJaHZjTkFRRUxCUUFEZ2dHQkFFYWczSllNTG4ycTFkV0ZKZG4rWGpuN3c2VVhWcEdFeVQvcmQ0MldpWlJLClNZYTM0UzZwRjRIeWtac0g2TXhXaFVrYVZ2ZGg5bjExMXJlUkZGbEFRRDBoWE9GVkpmdUg0a0FITjZpckJUd3IKNlptazE3UjdvcE5VOWJ6QXZEMGpuNmFYUnZiU3d6WmZJekFNcTVuWFhWaS83THFzZVAzbjc5L2h6enZ1V1Q5QQpxSFdjU0lsM2lDT3N4bVBuWEtZWXd1Q0p5K0MyelFBWVNSbm1LdVZOTnFwUUdaNEJCSmRMRit6aXZBbnArcysvCmROUG5MR3JGY29lWHVpZy92T1VUTEhWbVFJZkRyZVR1N0liUTdhWTF2dE5HbmZoN3grV3Bxa1ZmSjlKQlVxREUKb0Y5R3UzTk95NXNwcWlXSHhrcitoWnFMU1dsRUJmTGhUaTE0ZjlJYzYvUm4vZExwQTBTTUtDSUw5aWR4MHdtWQpZd2FYV1dXMkxWL2plUXRBREZWNDZFa0doVGE5NnpWSklTSFZLQzVVR2l2ZDdqQU0vZi81Qit0ejlpUm01T3F2CmpwOFh2OVFmQ3pZRFU0TklpQmNQaEhMb3hjakV5TjJBMzh1U2pFRVVlc3JiUVhyNzlyUGlRdWVDRkZHT0hhYTkKK2JyOEJROWh5TklBWlB1NGp3MlhqQT09Ci0tLS0tRU5EIENFUlRJRklDQVRFLS0tLS0K"
              }
            ],
            "master_authorized_networks_config": [],
            "master_version": "1.27.8-gke.1067004",
            "mesh_certificates": [],
            "min_master_version": null,
            "monitoring_config": [
              {
                "advanced_datapath_observability_config": [
                  {
                    "enable_metrics": false,
                    "enable_relay": false,
                    "relay_mode": "DISABLED"
                  }
                ],
                "enable_components": [
                  "SYSTEM_COMPONENTS"
                ],
                "managed_prometheus": [
                  {
                    "enabled": true
                  }
                ]
              }
            ],
            "monitoring_service": "monitoring.googleapis.com/kubernetes",
            "name": "app-factory",
            "network": "projects/multi-tenant-414510/global/networks/default",
            "network_policy": [
              {
                "enabled": false,
                "provider": "PROVIDER_UNSPECIFIED"
              }
            ],
            "networking_mode": "VPC_NATIVE",
            "node_config": [
              {
                "advanced_machine_features": [],
                "boot_disk_kms_key": "",
                "confidential_nodes": [],
                "disk_size_gb": 100,
                "disk_type": "pd-balanced",
                "effective_taints": [],
                "ephemeral_storage_local_ssd_config": [],
                "fast_socket": [],
                "gcfs_config": [],
                "guest_accelerator": [],
                "gvnic": [],
                "host_maintenance_policy": [],
                "image_type": "COS_CONTAINERD",
                "kubelet_config": [],
                "labels": {
                  "Name": "appfactory"
                },
                "linux_node_config": [],
                "local_nvme_ssd_block_config": [],
                "local_ssd_count": 0,
                "logging_variant": "DEFAULT",
                "machine_type": "e2-medium",
                "metadata": {
                  "disable-legacy-endpoints": "true"
                },
                "min_cpu_platform": "",
                "node_group": "",
                "oauth_scopes": [
                  "https://www.googleapis.com/auth/cloud-platform"
                ],
                "preemptible": false,
                "reservation_affinity": [],
                "resource_labels": {},
                "resource_manager_tags": {},
                "service_account": "kratos@multi-tenant-414510.iam.gserviceaccount.com",
                "shielded_instance_config": [
                  {
                    "enable_integrity_monitoring": true,
                    "enable_secure_boot": false
                  }
                ],
                "sole_tenant_config": [],
                "spot": false,
                "tags": [],
                "taint": [],
                "workload_metadata_config": []
              }
            ],
            "node_locations": [
              "us-west1-a",
              "us-west1-b",
              "us-west1-c"
            ],
            "node_pool": [
              {
                "autoscaling": [],
                "initial_node_count": 1,
                "instance_group_urls": [
                  "https://www.googleapis.com/compute/v1/projects/multi-tenant-414510/zones/us-west1-c/instanceGroupManagers/gke-app-factory-default-pool-67f58888-grp",
                  "https://www.googleapis.com/compute/v1/projects/multi-tenant-414510/zones/us-west1-b/instanceGroupManagers/gke-app-factory-default-pool-dca84afb-grp",
                  "https://www.googleapis.com/compute/v1/projects/multi-tenant-414510/zones/us-west1-a/instanceGroupManagers/gke-app-factory-default-pool-ef0b3e7b-grp"
                ],
                "managed_instance_group_urls": [
                  "https://www.googleapis.com/compute/v1/projects/multi-tenant-414510/zones/us-west1-c/instanceGroups/gke-app-factory-default-pool-67f58888-grp",
                  "https://www.googleapis.com/compute/v1/projects/multi-tenant-414510/zones/us-west1-b/instanceGroups/gke-app-factory-default-pool-dca84afb-grp",
                  "https://www.googleapis.com/compute/v1/projects/multi-tenant-414510/zones/us-west1-a/instanceGroups/gke-app-factory-default-pool-ef0b3e7b-grp"
                ],
                "management": [
                  {
                    "auto_repair": true,
                    "auto_upgrade": true
                  }
                ],
                "max_pods_per_node": 110,
                "name": "default-pool",
                "name_prefix": "",
                "network_config": [
                  {
                    "create_pod_range": false,
                    "enable_private_nodes": false,
                    "network_performance_config": [],
                    "pod_cidr_overprovision_config": [],
                    "pod_ipv4_cidr_block": "10.60.0.0/14",
                    "pod_range": "gke-app-factory-pods-ca70d043"
                  }
                ],
                "node_config": [
                  {
                    "advanced_machine_features": [],
                    "boot_disk_kms_key": "",
                    "confidential_nodes": [],
                    "disk_size_gb": 100,
                    "disk_type": "pd-balanced",
                    "effective_taints": [],
                    "ephemeral_storage_local_ssd_config": [],
                    "fast_socket": [],
                    "gcfs_config": [],
                    "guest_accelerator": [],
                    "gvnic": [],
                    "host_maintenance_policy": [],
                    "image_type": "COS_CONTAINERD",
                    "kubelet_config": [],
                    "labels": {
                      "Name": "appfactory"
                    },
                    "linux_node_config": [],
                    "local_nvme_ssd_block_config": [],
                    "local_ssd_count": 0,
                    "logging_variant": "DEFAULT",
                    "machine_type": "e2-medium",
                    "metadata": {
                      "disable-legacy-endpoints": "true"
                    },
                    "min_cpu_platform": "",
                    "node_group": "",
                    "oauth_scopes": [
                      "https://www.googleapis.com/auth/cloud-platform"
                    ],
                    "preemptible": false,
                    "reservation_affinity": [],
                    "resource_labels": {},
                    "resource_manager_tags": {},
                    "service_account": "kratos@multi-tenant-414510.iam.gserviceaccount.com",
                    "shielded_instance_config": [
                      {
                        "enable_integrity_monitoring": true,
                        "enable_secure_boot": false
                      }
                    ],
                    "sole_tenant_config": [],
                    "spot": false,
                    "tags": [],
                    "taint": [],
                    "workload_metadata_config": []
                  }
                ],
                "node_count": 1,
                "node_locations": [
                  "us-west1-a",
                  "us-west1-b",
                  "us-west1-c"
                ],
                "placement_policy": [],
                "upgrade_settings": [
                  {
                    "blue_green_settings": [],
                    "max_surge": 1,
                    "max_unavailable": 0,
                    "strategy": "SURGE"
                  }
                ],
                "version": "1.27.8-gke.1067004"
              }
            ],
            "node_pool_auto_config": [],
            "node_pool_defaults": [
              {
                "node_config_defaults": [
                  {
                    "logging_variant": "DEFAULT"
                  }
                ]
              }
            ],
            "node_version": "1.27.8-gke.1067004",
            "notification_config": [
              {
                "pubsub": [
                  {
                    "enabled": false,
                    "filter": [],
                    "topic": ""
                  }
                ]
              }
            ],
            "operation": null,
            "private_cluster_config": [
              {
                "enable_private_endpoint": false,
                "enable_private_nodes": false,
                "master_global_access_config": [
                  {
                    "enabled": false
                  }
                ],
                "master_ipv4_cidr_block": "",
                "peering_name": "",
                "private_endpoint": "10.138.0.14",
                "private_endpoint_subnetwork": "",
                "public_endpoint": "35.233.213.133"
              }
            ],
            "private_ipv6_google_access": "",
            "project": "multi-tenant-414510",
            "release_channel": [
              {
                "channel": "REGULAR"
              }
            ],
            "remove_default_node_pool": null,
            "resource_labels": {},
            "resource_usage_export_config": [],
            "security_posture_config": [
              {
                "mode": "BASIC",
                "vulnerability_mode": "VULNERABILITY_MODE_UNSPECIFIED"
              }
            ],
            "self_link": "https://container.googleapis.com/v1/projects/multi-tenant-414510/locations/us-west1/clusters/app-factory",
            "service_external_ips_config": [
              {
                "enabled": false
              }
            ],
            "services_ipv4_cidr": "10.64.0.0/20",
            "subnetwork": "projects/multi-tenant-414510/regions/us-west1/subnetworks/default",
            "timeouts": {
              "create": "30m",
              "delete": null,
              "read": null,
              "update": "40m"
            },
            "tpu_ipv4_cidr_block": "",
            "vertical_pod_autoscaling": [],
            "workload_identity_config": []
          },
          "sensitive_attributes": [],
          "private": "eyJlMmJmYjczMC1lY2FhLTExZTYtOGY4OC0zNDM2M2JjN2M0YzAiOnsiY3JlYXRlIjoxODAwMDAwMDAwMDAwLCJkZWxldGUiOjI0MDAwMDAwMDAwMDAsInJlYWQiOjI0MDAwMDAwMDAwMDAsInVwZGF0ZSI6MjQwMDAwMDAwMDAwMH0sInNjaGVtYV92ZXJzaW9uIjoiMiJ9"
        }
      ]
    },
    {
      "mode": "managed",
      "type": "google_sql_database_instance",
      "name": "postgres_public_ip_instance_name",
      "provider": "provider[\"registry.terraform.io/hashicorp/google\"]",
      "instances": [
        {
          "schema_version": 0,
          "attributes": {
            "available_maintenance_versions": [],
            "clone": [],
            "connection_name": "multi-tenant-414510:us-west1:postgres-rag",
            "database_version": "POSTGRES_15",
            "deletion_protection": false,
            "dns_name": "",
            "encryption_key_name": null,
            "first_ip_address": "34.82.177.54",
            "id": "postgres-rag",
            "instance_type": "CLOUD_SQL_INSTANCE",
            "ip_address": [
              {
                "ip_address": "34.82.177.54",
                "time_to_retire": "",
                "type": "PRIMARY"
              },
              {
                "ip_address": "34.82.129.106",
                "time_to_retire": "",
                "type": "OUTGOING"
              }
            ],
            "maintenance_version": "POSTGRES_15_5.R20240130.00_05",
            "master_instance_name": "",
            "name": "postgres-rag",
            "private_ip_address": "",
            "project": "multi-tenant-414510",
            "psc_service_attachment_link": "",
            "public_ip_address": "34.82.177.54",
            "region": "us-west1",
            "replica_configuration": [],
            "restore_backup_context": [],
            "root_password": null,
            "self_link": "https://sqladmin.googleapis.com/sql/v1beta4/projects/multi-tenant-414510/instances/postgres-rag",
            "server_ca_cert": [
              {
                "cert": "-----BEGIN CERTIFICATE-----\nMIIDfzCCAmegAwIBAgIBADANBgkqhkiG9w0BAQsFADB3MS0wKwYDVQQuEyQ3NzE4\nODZjNy1lMzY4LTRkOGQtODE5Ny01ZjRmMDVkOGE4MjkxIzAhBgNVBAMTGkdvb2ds\nZSBDbG91ZCBTUUwgU2VydmVyIENBMRQwEgYDVQQKEwtHb29nbGUsIEluYzELMAkG\nA1UEBhMCVVMwHhcNMjQwMjI3MTYyOTA5WhcNMzQwMjI0MTYzMDA5WjB3MS0wKwYD\nVQQuEyQ3NzE4ODZjNy1lMzY4LTRkOGQtODE5Ny01ZjRmMDVkOGE4MjkxIzAhBgNV\nBAMTGkdvb2dsZSBDbG91ZCBTUUwgU2VydmVyIENBMRQwEgYDVQQKEwtHb29nbGUs\nIEluYzELMAkGA1UEBhMCVVMwggEiMA0GCSqGSIb3DQEBAQUAA4IBDwAwggEKAoIB\nAQDjcc9jna+hxRsHQ2+D814Wm7lOB/En4hOfp6O+K/mfeymgPUPj0YwIISMNywUX\nl+coIN2338YKrejEelF6sWGkkzO2Tv1FafvlSYbFymc7Ka0SILv1QWKN1ag66riJ\nk7DoCOt7cuxnS1dObyZWnGNvJ6miKvC4XXgB7epx5onb4jxL6Tt1F7T1zmJ6z3ce\nmoGaiKwxoLQSWuRc3SjGwb53Uh4Xh+aDYa15Mod7sAv4imCgj7HuVLj+7X7k+8h7\nFwKf+Tt/DrajLbYMCq0IMGi8Xm1ymyqFNeN40L1yvDTDyM55heLKsW3QpFwFbt0M\nzm7j/owDSWGrakIpSFlJfzJ3AgMBAAGjFjAUMBIGA1UdEwEB/wQIMAYBAf8CAQAw\nDQYJKoZIhvcNAQELBQADggEBAOCc710VmzwLAKteZ6JiHb51Mk+e7r7AkNrix8Ny\nF+6MmNIh/MATkpIYfIraKGWwkCFvsEePcOFfhUfKFQvMl5v3CtXbFWkrYC0wtuwc\nDuWXrHDJ4Ggb8mSSZGp0kyAG7g79YnEBtrxIUVKS152hd4PI2gJW30ttUZltcsMa\nV23WMAIess//wbpuJTm+nOSTUECTmvvZwATtpW4Az5z1aj/pUT0MPeaFJB9CZ2Ax\nEbsCvDBQKlaPtQ5pnsoCJoYwXQasnznlDWflRr/jtBRo81MHRJAruitP2Bh1YeGJ\nYAgVawqEJwKolXpC133eqohE46Rup45u1M819RIULFcrE80=\n-----END CERTIFICATE-----",
                "common_name": "C=US,O=Google\\, Inc,CN=Google Cloud SQL Server CA,dnQualifier=771886c7-e368-4d8d-8197-5f4f05d8a829",
                "create_time": "2024-02-27T16:29:09.212Z",
                "expiration_time": "2034-02-24T16:30:09.212Z",
                "sha1_fingerprint": "2aacbfa9c703686357ee2f8b6f54b4f4a4f34818"
              }
            ],
            "service_account_email_address": "p267242228702-7h8auk@gcp-sa-cloud-sql.iam.gserviceaccount.com",
            "settings": [
              {
                "activation_policy": "ALWAYS",
                "active_directory_config": [],
                "advanced_machine_features": [],
                "availability_type": "ZONAL",
                "backup_configuration": [
                  {
                    "backup_retention_settings": [
                      {
                        "retained_backups": 7,
                        "retention_unit": "COUNT"
                      }
                    ],
                    "binary_log_enabled": false,
                    "enabled": false,
                    "location": "",
                    "point_in_time_recovery_enabled": false,
                    "start_time": "20:00",
                    "transaction_log_retention_days": 7
                  }
                ],
                "collation": "",
                "connector_enforcement": "NOT_REQUIRED",
                "data_cache_config": [],
                "database_flags": [],
                "deletion_protection_enabled": false,
                "deny_maintenance_period": [],
                "disk_autoresize": true,
                "disk_autoresize_limit": 0,
                "disk_size": 10,
                "disk_type": "PD_SSD",
                "edition": "ENTERPRISE",
                "insights_config": [],
                "ip_configuration": [
                  {
                    "allocated_ip_range": "",
                    "authorized_networks": [
                      {
                        "expiration_time": "",
                        "name": "mypublic_ip",
                        "value": "0.0.0.0/0"
                      }
                    ],
                    "enable_private_path_for_google_cloud_services": false,
                    "ipv4_enabled": true,
                    "private_network": "",
                    "psc_config": [],
                    "require_ssl": false,
                    "ssl_mode": ""
                  }
                ],
                "location_preference": [
                  {
                    "follow_gae_application": "",
                    "secondary_zone": "",
                    "zone": "us-west1-c"
                  }
                ],
                "maintenance_window": [],
                "password_validation_policy": [],
                "pricing_plan": "PER_USE",
                "sql_server_audit_config": [],
                "tier": "db-custom-2-7680",
                "time_zone": "",
                "user_labels": {},
                "version": 2
              }
            ],
            "timeouts": null
          },
          "sensitive_attributes": [],
          "private": "eyJlMmJmYjczMC1lY2FhLTExZTYtOGY4OC0zNDM2M2JjN2M0YzAiOnsiY3JlYXRlIjoyNDAwMDAwMDAwMDAwLCJkZWxldGUiOjE4MDAwMDAwMDAwMDAsInVwZGF0ZSI6MTgwMDAwMDAwMDAwMH19"
        }
      ]
    },
    {
      "mode": "managed",
      "type": "google_sql_user",
      "name": "my_second_db_user",
      "provider": "provider[\"registry.terraform.io/hashicorp/google\"]",
      "instances": [
        {
          "schema_version": 1,
          "attributes": {
            "deletion_policy": null,
            "host": "",
            "id": "postgres//postgres-rag",
            "instance": "postgres-rag",
            "name": "postgres",
            "password": "letsgetiton",
            "password_policy": [],
            "project": "multi-tenant-414510",
            "sql_server_user_details": [],
            "timeouts": null,
            "type": ""
          },
          "sensitive_attributes": [],
          "private": "eyJlMmJmYjczMC1lY2FhLTExZTYtOGY4OC0zNDM2M2JjN2M0YzAiOnsiY3JlYXRlIjo2MDAwMDAwMDAwMDAsImRlbGV0ZSI6NjAwMDAwMDAwMDAwLCJ1cGRhdGUiOjYwMDAwMDAwMDAwMH0sInNjaGVtYV92ZXJzaW9uIjoiMSJ9",
          "dependencies": [
            "google_sql_database_instance.postgres_public_ip_instance_name"
          ]
        }
      ]
    }
  ],
  "check_results": null
}
